
Microsoft Visual Studio Solution File, Format Version 12.00
# Visual Studio 15
VisualStudioVersion = 15.0.27703.2026
MinimumVisualStudioVersion = 10.0.40219.1
Project("{FAE04EC0-301F-11D3-BF4B-00C04F79EFBC}") = "PortTesterServer", "PortTesterServer\PortTesterServer.csproj", "{FDEFF865-5A52-4727-8C5A-9DC242534DCA}"
EndProject
Project("{FAE04EC0-301F-11D3-BF4B-00C04F79EFBC}") = "PortTesterClient", "PortTesterClient\PortTesterClient.csproj", "{52E03B11-47A8-4E66-8217-D32C41CC9B46}"
EndProject
Global
	GlobalSection(SolutionConfigurationPlatforms) = preSolution
		Debug|Any CPU = Debug|Any CPU
		Release|Any CPU = Release|Any CPU
	EndGlobalSection
	GlobalSection(ProjectConfigurationPlatforms) = postSolution
		{FDEFF865-5A52-4727-8C5A-9DC242534DCA}.Debug|Any CPU.ActiveCfg = Debug|Any CPU
		{FDEFF865-5A52-4727-8C5A-9DC242534DCA}.Debug|Any CPU.Build.0 = Debug|Any CPU
		{FDEFF865-5A52-4727-8C5A-9DC242534DCA}.Release|Any CPU.ActiveCfg = Release|Any CPU
		{FDEFF865-5A52-4727-8C5A-9DC242534DCA}.Release|Any CPU.Build.0 = Release|Any CPU
		{52E03B11-47A8-4E66-8217-D32C41CC9B46}.Debug|Any CPU.ActiveCfg = Debug|Any CPU
		{52E03B11-47A8-4E66-8217-D32C41CC9B46}.Debug|Any CPU.Build.0 = Debug|Any CPU
		{52E03B11-47A8-4E66-8217-D32C41CC9B46}.Release|Any CPU.ActiveCfg = Release|Any CPU
		{52E03B11-47A8-4E66-8217-D32C41CC9B46}.Release|Any CPU.Build.0 = Release|Any CPU
	EndGlobalSection
	GlobalSection(SolutionProperties) = preSolution
		HideSolutionNode = FALSE
	EndGlobalSection
	GlobalSection(ExtensibilityGlobals) = postSolution
		SolutionGuid = {129908AB-72E3-40CC-9441-4DC69B80B60D}
	EndGlobalSection
EndGlobal
